
Microsoft Visual Studio Solution File, Format Version 12.00
# Visual Studio Version 17
VisualStudioVersion = 17.8.34316.72
MinimumVisualStudioVersion = 10.0.40219.1
Project("{FAE04EC0-301F-11D3-BF4B-00C04F79EFBC}") = "IBKS.RestAPI", "IBKS.RestAPI\IBKS.RestAPI.csproj", "{B4BBFD33-1C6F-4C17-9D20-E2EE6FC241FF}"
EndProject
Project("{FAE04EC0-301F-11D3-BF4B-00C04F79EFBC}") = "IBKS.Repositories", "IBKS.Repositories\IBKS.Repositories.csproj", "{8331FBB0-737F-4FC9-ABC7-E66F774EA496}"
EndProject
Project("{FAE04EC0-301F-11D3-BF4B-00C04F79EFBC}") = "IBKS.Domains", "IBKS.Domains\IBKS.Domains.csproj", "{D4134D05-040C-46CF-828A-86DE5AE96AB3}"
EndProject
Project("{FAE04EC0-301F-11D3-BF4B-00C04F79EFBC}") = "IBKS.Contracts", "IBKS.Contracts\IBKS.Contracts.csproj", "{D1701F5C-F997-46E6-8A6D-C8ECD0F8A650}"
EndProject
Project("{FAE04EC0-301F-11D3-BF4B-00C04F79EFBC}") = "IBKS.Services", "IBKS.Services\IBKS.Services.csproj", "{9C561C03-A780-49F9-A14B-4B3AA2CCCA83}"
EndProject
Global
	GlobalSection(SolutionConfigurationPlatforms) = preSolution
		Debug|Any CPU = Debug|Any CPU
		Release|Any CPU = Release|Any CPU
	EndGlobalSection
	GlobalSection(ProjectConfigurationPlatforms) = postSolution
		{B4BBFD33-1C6F-4C17-9D20-E2EE6FC241FF}.Debug|Any CPU.ActiveCfg = Debug|Any CPU
		{B4BBFD33-1C6F-4C17-9D20-E2EE6FC241FF}.Debug|Any CPU.Build.0 = Debug|Any CPU
		{B4BBFD33-1C6F-4C17-9D20-E2EE6FC241FF}.Release|Any CPU.ActiveCfg = Release|Any CPU
		{B4BBFD33-1C6F-4C17-9D20-E2EE6FC241FF}.Release|Any CPU.Build.0 = Release|Any CPU
		{8331FBB0-737F-4FC9-ABC7-E66F774EA496}.Debug|Any CPU.ActiveCfg = Debug|Any CPU
		{8331FBB0-737F-4FC9-ABC7-E66F774EA496}.Debug|Any CPU.Build.0 = Debug|Any CPU
		{8331FBB0-737F-4FC9-ABC7-E66F774EA496}.Release|Any CPU.ActiveCfg = Release|Any CPU
		{8331FBB0-737F-4FC9-ABC7-E66F774EA496}.Release|Any CPU.Build.0 = Release|Any CPU
		{D4134D05-040C-46CF-828A-86DE5AE96AB3}.Debug|Any CPU.ActiveCfg = Debug|Any CPU
		{D4134D05-040C-46CF-828A-86DE5AE96AB3}.Debug|Any CPU.Build.0 = Debug|Any CPU
		{D4134D05-040C-46CF-828A-86DE5AE96AB3}.Release|Any CPU.ActiveCfg = Release|Any CPU
		{D4134D05-040C-46CF-828A-86DE5AE96AB3}.Release|Any CPU.Build.0 = Release|Any CPU
		{D1701F5C-F997-46E6-8A6D-C8ECD0F8A650}.Debug|Any CPU.ActiveCfg = Debug|Any CPU
		{D1701F5C-F997-46E6-8A6D-C8ECD0F8A650}.Debug|Any CPU.Build.0 = Debug|Any CPU
		{D1701F5C-F997-46E6-8A6D-C8ECD0F8A650}.Release|Any CPU.ActiveCfg = Release|Any CPU
		{D1701F5C-F997-46E6-8A6D-C8ECD0F8A650}.Release|Any CPU.Build.0 = Release|Any CPU
		{9C561C03-A780-49F9-A14B-4B3AA2CCCA83}.Debug|Any CPU.ActiveCfg = Debug|Any CPU
		{9C561C03-A780-49F9-A14B-4B3AA2CCCA83}.Debug|Any CPU.Build.0 = Debug|Any CPU
		{9C561C03-A780-49F9-A14B-4B3AA2CCCA83}.Release|Any CPU.ActiveCfg = Release|Any CPU
		{9C561C03-A780-49F9-A14B-4B3AA2CCCA83}.Release|Any CPU.Build.0 = Release|Any CPU
	EndGlobalSection
	GlobalSection(SolutionProperties) = preSolution
		HideSolutionNode = FALSE
	EndGlobalSection
	GlobalSection(ExtensibilityGlobals) = postSolution
		SolutionGuid = {E38C542E-5ACA-4E9C-863F-72DBD87505E3}
	EndGlobalSection
EndGlobal
